<Solution>
  <Project Path="src/Costina.Core.Domain/Costina.Core.Domain.csproj" />
  <Project Path="src/Costina.Modules.Dining.Domain/Costina.Modules.Dining.Domain.csproj" />
  <Project Path="src/Costina.Migration/Costina.Migration.csproj" />
  <Project Path="tests/Costina.Acceptance/Costina.Acceptance.csproj" />
</Solution>
